Microsoft Visual Studio Solution File, Format Version 12.00
# Visual Studio 2012
Project("{FAE04EC0-301F-11D3-BF4B-00C04F79EFBC}") = "trabalho-30-pontos-jd-ciep-senai-2024", "trabalho-30-pontos-jd-ciep-senai-2024.csproj", "{9CC576F6-FD96-4244-BBD9-1742F41A2301}"
EndProject
Global
	GlobalSection(SolutionConfigurationPlatforms) = preSolution
	Debug|Any CPU = Debug|Any CPU
	ExportDebug|Any CPU = ExportDebug|Any CPU
	ExportRelease|Any CPU = ExportRelease|Any CPU
	EndGlobalSection
	GlobalSection(ProjectConfigurationPlatforms) = postSolution
		{9CC576F6-FD96-4244-BBD9-1742F41A2301}.Debug|Any CPU.ActiveCfg = Debug|Any CPU
		{9CC576F6-FD96-4244-BBD9-1742F41A2301}.Debug|Any CPU.Build.0 = Debug|Any CPU
		{9CC576F6-FD96-4244-BBD9-1742F41A2301}.ExportDebug|Any CPU.ActiveCfg = ExportDebug|Any CPU
		{9CC576F6-FD96-4244-BBD9-1742F41A2301}.ExportDebug|Any CPU.Build.0 = ExportDebug|Any CPU
		{9CC576F6-FD96-4244-BBD9-1742F41A2301}.ExportRelease|Any CPU.ActiveCfg = ExportRelease|Any CPU
		{9CC576F6-FD96-4244-BBD9-1742F41A2301}.ExportRelease|Any CPU.Build.0 = ExportRelease|Any CPU
	EndGlobalSection
EndGlobal
